<?xml version="1.0" encoding="utf-8"?>
<Project ToolsVersion="4.0" xmlns="http://schemas.microsoft.com/developer/msbuild/2003">
  <ItemGroup>
    <Filter Include="Source Files">
      <UniqueIdentifier>{1a96980a-a03d-4668-8860-37aa154d89dc}</UniqueIdentifier>
      <Extensions>cpp;c;cxx;rc;def;r;odl;idl;hpj;bat</Extensions>
    </Filter>
    <Filter Include="Header Files">
      <UniqueIdentifier>{a24b5a2c-f87e-4506-b293-cbd4225e91c8}</UniqueIdentifier>
      <Extensions>h;hpp;hxx;hm;inl</Extensions>
    </Filter>
    <Filter Include="7-zip">
      <UniqueIdentifier>{c22458e7-7223-4e81-bafc-eeebda33ce82}</UniqueIdentifier>
    </Filter>
    <Filter Include="7-zip\Common">
      <UniqueIdentifier>{261cec54-8ae9-4e70-b362-6f6156c839c8}</UniqueIdentifier>
    </Filter>
    <Filter Include="7-zip\bridge">
      <UniqueIdentifier>{a176f517-0023-4015-9202-2e24e81305ff}</UniqueIdentifier>
    </Filter>
    <Filter Include="7-zip\7-zip Common">
      <UniqueIdentifier>{b6f8533a-d893-47eb-b9fb-a8a86609c854}</UniqueIdentifier>
    </Filter>
    <Filter Include="7-zip\Windows">
      <UniqueIdentifier>{eb818b1b-32cb-4ab5-ac05-e92ed3c33631}</UniqueIdentifier>
    </Filter>
    <Filter Include="7-zip\UI Common">
      <UniqueIdentifier>{08784d0c-10b8-4903-84aa-ccc39ea26c47}</UniqueIdentifier>
    </Filter>
    <Filter Include="Resource Files">
      <UniqueIdentifier>{09374d5a-8ff3-45a5-858d-f651e6e22f79}</UniqueIdentifier>
      <Extensions>ico;cur;bmp;dlg;rc2;rct;bin;rgs;gif;jpg;jpeg;jpe</Extensions>
    </Filter>
    <Filter Include="sqlite3">
      <UniqueIdentifier>{1c076c8e-2708-48ae-aa5b-3c508db1d41e}</UniqueIdentifier>
    </Filter>
  </ItemGroup>
  <ItemGroup>
    <None Include="ax7z.def">
      <Filter>Source Files</Filter>
    </None>
  </ItemGroup>
  <ItemGroup>
    <ResourceCompile Include="ax7z.rc">
      <Filter>Source Files</Filter>
    </ResourceCompile>
  </ItemGroup>
  <ItemGroup>
    <ClCompile Include="entryFuncs.cpp">
      <Filter>Source Files</Filter>
    </ClCompile>
    <ClCompile Include="infcache.cpp">
      <Filter>Source Files</Filter>
    </ClCompile>
    <ClCompile Include="7z\Common\IntToString.cpp">
      <Filter>7-zip\Common</Filter>
    </ClCompile>
    <ClCompile Include="7z\common\MyString.cpp">
      <Filter>7-zip\Common</Filter>
    </ClCompile>
    <ClCompile Include="7z\common\MyVector.cpp">
      <Filter>7-zip\Common</Filter>
    </ClCompile>
    <ClCompile Include="7z\Common\StdInStream.cpp">
      <Filter>7-zip\Common</Filter>
    </ClCompile>
    <ClCompile Include="7z\Common\StdOutStream.cpp">
      <Filter>7-zip\Common</Filter>
    </ClCompile>
    <ClCompile Include="7z\7zip\Common\StreamUtils.cpp">
      <Filter>7-zip\Common</Filter>
    </ClCompile>
    <ClCompile Include="7z\Common\StringConvert.cpp">
      <Filter>7-zip\Common</Filter>
    </ClCompile>
    <ClCompile Include="7z\Common\StringToInt.cpp">
      <Filter>7-zip\Common</Filter>
    </ClCompile>
    <ClCompile Include="7z\Common\Wildcard.cpp">
      <Filter>7-zip\Common</Filter>
    </ClCompile>
    <ClCompile Include="7z\7zip\Bundles\ax7z\bridge.cpp">
      <Filter>7-zip\bridge</Filter>
    </ClCompile>
    <ClCompile Include="7z\7zip\Bundles\ax7z\ExtractCallback.cpp">
      <Filter>7-zip\bridge</Filter>
    </ClCompile>
    <ClCompile Include="7z\7zip\Bundles\ax7z\OpenCallback.cpp">
      <Filter>7-zip\bridge</Filter>
    </ClCompile>
    <ClCompile Include="7z\7zip\Bundles\ax7z\PasswordManager.cpp">
      <Filter>7-zip\bridge</Filter>
    </ClCompile>
    <ClCompile Include="7z\7zip\Bundles\ax7z\SolidArchiveExtractCallback.cpp">
      <Filter>7-zip\bridge</Filter>
    </ClCompile>
    <ClCompile Include="7z\7zip\Bundles\ax7z\SolidCache.cpp">
      <Filter>7-zip\bridge</Filter>
    </ClCompile>
    <ClCompile Include="7z\7zip\Bundles\ax7z\SolidCacheDisk.cpp">
      <Filter>7-zip\bridge</Filter>
    </ClCompile>
    <ClCompile Include="7z\7zip\Common\FileStreams.cpp">
      <Filter>7-zip\7-zip Common</Filter>
    </ClCompile>
    <ClCompile Include="7z\Windows\DLL.cpp">
      <Filter>7-zip\Windows</Filter>
    </ClCompile>
    <ClCompile Include="7z\Windows\FileDir.cpp">
      <Filter>7-zip\Windows</Filter>
    </ClCompile>
    <ClCompile Include="7z\Windows\FileFind.cpp">
      <Filter>7-zip\Windows</Filter>
    </ClCompile>
    <ClCompile Include="7z\Windows\FileIO.cpp">
      <Filter>7-zip\Windows</Filter>
    </ClCompile>
    <ClCompile Include="7z\Windows\FileName.cpp">
      <Filter>7-zip\Windows</Filter>
    </ClCompile>
    <ClCompile Include="7z\Windows\PropVariant.cpp">
      <Filter>7-zip\Windows</Filter>
    </ClCompile>
    <ClCompile Include="7z\Windows\PropVariantConversions.cpp">
      <Filter>7-zip\Windows</Filter>
    </ClCompile>
    <ClCompile Include="7z\Windows\Registry.cpp">
      <Filter>7-zip\Windows</Filter>
    </ClCompile>
    <ClCompile Include="7z\7zip\Ui\Common\ArchiveOpenCallback.cpp">
      <Filter>7-zip\UI Common</Filter>
    </ClCompile>
    <ClCompile Include="7z\7zip\Ui\Common\DefaultName.cpp">
      <Filter>7-zip\UI Common</Filter>
    </ClCompile>
    <ClCompile Include="7z\7zip\ui\common\LoadCodecs.cpp">
      <Filter>7-zip\UI Common</Filter>
    </ClCompile>
    <ClCompile Include="7z\7zip\Ui\Common\OpenArchive.cpp">
      <Filter>7-zip\UI Common</Filter>
    </ClCompile>
    <ClCompile Include="sqlite3\sqlite3.c">
      <Filter>sqlite3</Filter>
    </ClCompile>
  </ItemGroup>
  <ItemGroup>
    <ClInclude Include="critsect.h">
      <Filter>Header Files</Filter>
    </ClInclude>
    <ClInclude Include="entryFuncs.h">
      <Filter>Header Files</Filter>
    </ClInclude>
    <ClInclude Include="infcache.h">
      <Filter>Header Files</Filter>
    </ClInclude>
    <ClInclude Include="resource.h">
      <Filter>Header Files</Filter>
    </ClInclude>
    <ClInclude Include="7z\Common\IntToString.h">
      <Filter>7-zip\Common</Filter>
    </ClInclude>
    <ClInclude Include="7z\Common\MyCom.h">
      <Filter>7-zip\Common</Filter>
    </ClInclude>
    <ClInclude Include="7z\common\MyString.h">
      <Filter>7-zip\Common</Filter>
    </ClInclude>
    <ClInclude Include="7z\common\MyVector.h">
      <Filter>7-zip\Common</Filter>
    </ClInclude>
    <ClInclude Include="7z\Common\StdInStream.h">
      <Filter>7-zip\Common</Filter>
    </ClInclude>
    <ClInclude Include="7z\Common\StdOutStream.h">
      <Filter>7-zip\Common</Filter>
    </ClInclude>
    <ClInclude Include="7z\7zip\Common\StreamUtils.h">
      <Filter>7-zip\Common</Filter>
    </ClInclude>
    <ClInclude Include="7z\Common\StringConvert.h">
      <Filter>7-zip\Common</Filter>
    </ClInclude>
    <ClInclude Include="7z\Common\StringToInt.h">
      <Filter>7-zip\Common</Filter>
    </ClInclude>
    <ClInclude Include="7z\Common\Wildcard.h">
      <Filter>7-zip\Common</Filter>
    </ClInclude>
    <ClInclude Include="7z\7zip\Bundles\ax7z\ExtractCallback.h">
      <Filter>7-zip\bridge</Filter>
    </ClInclude>
    <ClInclude Include="7z\7zip\Bundles\ax7z\OpenCallback.h">
      <Filter>7-zip\bridge</Filter>
    </ClInclude>
    <ClInclude Include="7z\7zip\Bundles\ax7z\PasswordManager.h">
      <Filter>7-zip\bridge</Filter>
    </ClInclude>
    <ClInclude Include="7z\7zip\Bundles\ax7z\SolidArchiveExtractCallback.h">
      <Filter>7-zip\bridge</Filter>
    </ClInclude>
    <ClInclude Include="7z\7zip\Bundles\ax7z\SolidCache.h">
      <Filter>7-zip\bridge</Filter>
    </ClInclude>
    <ClInclude Include="7z\7zip\Common\FileStreams.h">
      <Filter>7-zip\7-zip Common</Filter>
    </ClInclude>
    <ClInclude Include="7z\Windows\DLL.h">
      <Filter>7-zip\Windows</Filter>
    </ClInclude>
    <ClInclude Include="7z\Windows\FileDir.h">
      <Filter>7-zip\Windows</Filter>
    </ClInclude>
    <ClInclude Include="7z\Windows\FileFind.h">
      <Filter>7-zip\Windows</Filter>
    </ClInclude>
    <ClInclude Include="7z\Windows\FileIO.h">
      <Filter>7-zip\Windows</Filter>
    </ClInclude>
    <ClInclude Include="7z\Windows\FileName.h">
      <Filter>7-zip\Windows</Filter>
    </ClInclude>
    <ClInclude Include="7z\Windows\PropVariant.h">
      <Filter>7-zip\Windows</Filter>
    </ClInclude>
    <ClInclude Include="7z\Windows\PropVariantConversions.h">
      <Filter>7-zip\Windows</Filter>
    </ClInclude>
    <ClInclude Include="7z\Windows\Registry.h">
      <Filter>7-zip\Windows</Filter>
    </ClInclude>
    <ClInclude Include="7z\7zip\Ui\Common\ArchiveOpenCallback.h">
      <Filter>7-zip\UI Common</Filter>
    </ClInclude>
    <ClInclude Include="7z\7zip\Ui\Common\DefaultName.h">
      <Filter>7-zip\UI Common</Filter>
    </ClInclude>
    <ClInclude Include="7z\7zip\ui\common\LoadCodecs.h">
      <Filter>7-zip\UI Common</Filter>
    </ClInclude>
    <ClInclude Include="7z\7zip\Ui\Common\OpenArchive.h">
      <Filter>7-zip\UI Common</Filter>
    </ClInclude>
    <ClInclude Include="sqlite3\sqlite3.h">
      <Filter>sqlite3</Filter>
    </ClInclude>
    <ClInclude Include="sqlite3\sqlite3helper.h">
      <Filter>sqlite3</Filter>
    </ClInclude>
  </ItemGroup>
  <ItemGroup>
    <Text Include="ax7z.txt" />
  </ItemGroup>
</Project>