Microsoft Visual Studio Solution File, Format Version 8.00
Project("{8BC9CEB8-8B4A-11D0-8D11-00A0C91BC942}") = "00am", "00am.vcproj", "{BB1F21AB-35C8-4474-AD0E-5138023DCD7C}"
	ProjectSection(ProjectDependencies) = postProject
	EndProjectSection
EndProject
Global
	GlobalSection(SolutionConfiguration) = preSolution
		Debug = Debug
		Release = Release
	EndGlobalSection
	GlobalSection(ProjectDependencies) = postSolution
	EndGlobalSection
	GlobalSection(ProjectConfiguration) = postSolution
		{BB1F21AB-35C8-4474-AD0E-5138023DCD7C}.Debug.ActiveCfg = Debug|Win32
		{BB1F21AB-35C8-4474-AD0E-5138023DCD7C}.Debug.Build.0 = Debug|Win32
		{BB1F21AB-35C8-4474-AD0E-5138023DCD7C}.Release.ActiveCfg = Release|Win32
		{BB1F21AB-35C8-4474-AD0E-5138023DCD7C}.Release.Build.0 = Release|Win32
	EndGlobalSection
	GlobalSection(ExtensibilityGlobals) = postSolution
	EndGlobalSection
	GlobalSection(ExtensibilityAddIns) = postSolution
	EndGlobalSection
EndGlobal
